PODS:
  - FWCycleScrollView (2.0.4):
    - Kingfisher
  - FWPopupView (2.0.3)
  - FWSegmentedControl (2.1.5)
  - FWSideMenu (2.0.1)
  - Kingfisher (4.7.0)

DEPENDENCIES:
  - FWCycleScrollView
  - FWPopupView
  - FWSegmentedControl
  - FWSideMenu

SPEC REPOS:
  https://github.com/CocoaPods/Specs.git:
    - FWCycleScrollView
    - FWPopupView
    - FWSegmentedControl
    - FWSideMenu
    - Kingfisher

SPEC CHECKSUMS:
  FWCycleScrollView: a23f2c33afc2bc36ad4205bb720b184ab725143f
  FWPopupView: 90b31f821f28b577f43ded9dd9d3da51f82195f4
  FWSegmentedControl: 481faaeb6f9cad33640a0bd1b45d02a7c563949d
  FWSideMenu: bb55a6e34d5a1aff0527ccdaaa25ae02915dd273
  Kingfisher: da6b005aa96d37698e3e4f1ccfe96a5b9bbf27d6

PODFILE CHECKSUM: 871b1442e06cc7eefa5ab129c12040a312b9b908

COCOAPODS: 1.5.0
