PODS:
  - FWCycleScrollView (2.1.1):
    - Kingfisher
  - FWPopupView (4.0.7):
    - SnapKit
  - FWSegmentedControl (2.1.8)
  - FWSideMenu (2.0.6)
  - HandyJSON (5.0.0)
  - Kingfisher (4.10.1)
  - MJRefresh (3.2.0)
  - "NSObject+Rx (5.0.0)":
    - RxSwift (~> 5.0)
  - RxCocoa (5.0.0):
    - RxRelay (~> 5)
    - RxSwift (~> 5)
  - RxRelay (5.0.0):
    - RxSwift (~> 5)
  - RxSwift (5.0.0)
  - SnapKit (4.2.0)
  - SwiftyJSON (5.0.0)
  - YYKit (1.0.9):
    - YYKit/no-arc (= 1.0.9)
  - YYKit/no-arc (1.0.9)

DEPENDENCIES:
  - FWCycleScrollView
  - FWPopupView
  - FWSegmentedControl
  - FWSideMenu
  - HandyJSON
  - MJRefresh
  - "NSObject+Rx"
  - RxCocoa
  - RxSwift
  - SnapKit
  - SwiftyJSON
  - YYKit

SPEC REPOS:
  https://github.com/cocoapods/specs.git:
    - FWCycleScrollView
    - FWPopupView
    - FWSegmentedControl
    - FWSideMenu
    - HandyJSON
    - Kingfisher
    - MJRefresh
    - "NSObject+Rx"
    - RxCocoa
    - RxRelay
    - RxSwift
    - SnapKit
    - SwiftyJSON
    - YYKit

SPEC CHECKSUMS:
  FWCycleScrollView: 4f17a8b92e2fbcab4836797144f9df77110d74c5
  FWPopupView: c1dbb33fbe4d223f619f28a7e5e5a00f08c10342
  FWSegmentedControl: 65041cbf13e877ba95abbb5f82921e205a176abd
  FWSideMenu: e081350bc75e294a84cd72ab2dda7d091bd68780
  HandyJSON: 992f2d661716d6a91de82d0056927bc7813b5770
  Kingfisher: c148cd7b47ebde9989f6bc7c27dcaa79d81279a0
  MJRefresh: ed450d6eb9d3346a2cb033ab7eb6de090aeef437
  "NSObject+Rx": 6151a97d171f7187c4183746acc42d9451952a7b
  RxCocoa: fcf32050ac00d801f34a7f71d5e8e7f23026dcd8
  RxRelay: 4f7409406a51a55cd88483f21ed898c234d60f18
  RxSwift: 8b0671caa829a763bbce7271095859121cbd895f
  SnapKit: fe8a619752f3f27075cc9a90244d75c6c3f27e2a
  SwiftyJSON: 36413e04c44ee145039d332b4f4e2d3e8d6c4db7
  YYKit: 7cda43304a8dc3696c449041e2cb3107b4e236e7

PODFILE CHECKSUM: fd3e10e9618051212c185324d7978935ed4e3a29

COCOAPODS: 1.7.4
